Microsoft Visual Studio Solution File, Format Version 12.00
# Visual Studio 15
VisualStudioVersion = 15.0.27130.2003
MinimumVisualStudioVersion = 15.0.26124.0
Project("{2150E333-8FDC-42A3-9474-1A3956D46DE8}") = "src", "src", "{F97B79D5-D3A3-4FA1-92B2-62C3D17ACFF9}"
EndProject
Project("{9A19103F-16F7-4668-BE54-9A1E7A4F7556}") = "MessageWorker.Abstractions", "src\MessageWorker.Abstractions\MessageWorker.Abstractions.csproj", "{457F96A5-9E89-4652-BE93-F16510CB75F4}"
EndProject
Project("{9A19103F-16F7-4668-BE54-9A1E7A4F7556}") = "MessageWorker.AMQP", "src\MessageWorker.AMQP\MessageWorker.AMQP.csproj", "{15E76400-7FC0-4EF7-BB09-498639F1E3B5}"
EndProject
Project("{9A19103F-16F7-4668-BE54-9A1E7A4F7556}") = "MessageWorker.Core", "src\MessageWorker.Core\MessageWorker.Core.csproj", "{19151DBD-3D1F-4A8C-9875-030751DDB14D}"
EndProject
Project("{9A19103F-16F7-4668-BE54-9A1E7A4F7556}") = "MessageWorker.Kafka", "src\MessageWorker.Kafka\MessageWorker.Kafka.csproj", "{00DD38D3-253D-4AEF-9976-D2E280718156}"
EndProject
Project("{2150E333-8FDC-42A3-9474-1A3956D46DE8}") = "Serializer", "Serializer", "{3D6F6D9B-5258-4F30-A825-A4AD2FDCAD92}"
EndProject
Project("{9A19103F-16F7-4668-BE54-9A1E7A4F7556}") = "MessageWorker.Serializer.XML", "src\Serializer\MessageWorker.Serializer.XML\MessageWorker.Serializer.XML.csproj", "{30FFDC8B-E2F1-4724-A051-83727EF7EC0F}"
EndProject
Project("{9A19103F-16F7-4668-BE54-9A1E7A4F7556}") = "MessageWorker.Serializer.JSON", "src\Serializer\MessageWorker.Serializer.JSON\MessageWorker.Serializer.JSON.csproj", "{CE2F089C-6285-464F-B518-643672ACE735}"
EndProject
Project("{2150E333-8FDC-42A3-9474-1A3956D46DE8}") = "examples", "examples", "{8C158E9B-E4C9-4FA7-BD09-EC15AD5C8C7E}"
EndProject
Project("{9A19103F-16F7-4668-BE54-9A1E7A4F7556}") = "ConsoleApp", "examples\ConsoleApp\ConsoleApp.csproj", "{5646C53C-C75A-4081-8958-CB4046E7F2C6}"
EndProject
Project("{9A19103F-16F7-4668-BE54-9A1E7A4F7556}") = "KafkaConsole", "examples\KafkaConsole\KafkaConsole.csproj", "{C57CE6E7-43B6-43D5-8D61-261FADD1764A}"
EndProject
Project("{2150E333-8FDC-42A3-9474-1A3956D46DE8}") = "Solution Items", "Solution Items", "{136025B1-C299-4266-8E18-96B4B7E2E47A}"
	ProjectSection(SolutionItems) = preProject
		.gitattributes = .gitattributes
		.gitignore = .gitignore
		.travis.yml = .travis.yml
		README.md = README.md
	EndProjectSection
EndProject
Project("{FAE04EC0-301F-11D3-BF4B-00C04F79EFBC}") = "AMQPConsole", "AMQPConsole\AMQPConsole.csproj", "{9230F359-C56C-40A8-96DB-75A0F00FA78C}"
Project("{2150E333-8FDC-42A3-9474-1A3956D46DE8}") = "test", "test", "{4E15D0CF-7F1F-4A27-BD54-D0B84545FD21}"
EndProject
Project("{9A19103F-16F7-4668-BE54-9A1E7A4F7556}") = "MessageWorker.Core.Test", "test\MessageWorker.Core.Test\MessageWorker.Core.Test.csproj", "{F055847A-21E8-48A2-8825-1167105206D1}"
EndProject
Global
	GlobalSection(SolutionConfigurationPlatforms) = preSolution
		Debug|Any CPU = Debug|Any CPU
		Debug|x64 = Debug|x64
		Debug|x86 = Debug|x86
		Release|Any CPU = Release|Any CPU
		Release|x64 = Release|x64
		Release|x86 = Release|x86
	EndGlobalSection
	GlobalSection(ProjectConfigurationPlatforms) = postSolution
		{457F96A5-9E89-4652-BE93-F16510CB75F4}.Debug|Any CPU.ActiveCfg = Debug|Any CPU
		{457F96A5-9E89-4652-BE93-F16510CB75F4}.Debug|Any CPU.Build.0 = Debug|Any CPU
		{457F96A5-9E89-4652-BE93-F16510CB75F4}.Debug|x64.ActiveCfg = Debug|Any CPU
		{457F96A5-9E89-4652-BE93-F16510CB75F4}.Debug|x64.Build.0 = Debug|Any CPU
		{457F96A5-9E89-4652-BE93-F16510CB75F4}.Debug|x86.ActiveCfg = Debug|Any CPU
		{457F96A5-9E89-4652-BE93-F16510CB75F4}.Debug|x86.Build.0 = Debug|Any CPU
		{457F96A5-9E89-4652-BE93-F16510CB75F4}.Release|Any CPU.ActiveCfg = Release|Any CPU
		{457F96A5-9E89-4652-BE93-F16510CB75F4}.Release|Any CPU.Build.0 = Release|Any CPU
		{457F96A5-9E89-4652-BE93-F16510CB75F4}.Release|x64.ActiveCfg = Release|Any CPU
		{457F96A5-9E89-4652-BE93-F16510CB75F4}.Release|x64.Build.0 = Release|Any CPU
		{457F96A5-9E89-4652-BE93-F16510CB75F4}.Release|x86.ActiveCfg = Release|Any CPU
		{457F96A5-9E89-4652-BE93-F16510CB75F4}.Release|x86.Build.0 = Release|Any CPU
		{15E76400-7FC0-4EF7-BB09-498639F1E3B5}.Debug|Any CPU.ActiveCfg = Debug|Any CPU
		{15E76400-7FC0-4EF7-BB09-498639F1E3B5}.Debug|Any CPU.Build.0 = Debug|Any CPU
		{15E76400-7FC0-4EF7-BB09-498639F1E3B5}.Debug|x64.ActiveCfg = Debug|Any CPU
		{15E76400-7FC0-4EF7-BB09-498639F1E3B5}.Debug|x64.Build.0 = Debug|Any CPU
		{15E76400-7FC0-4EF7-BB09-498639F1E3B5}.Debug|x86.ActiveCfg = Debug|Any CPU
		{15E76400-7FC0-4EF7-BB09-498639F1E3B5}.Debug|x86.Build.0 = Debug|Any CPU
		{15E76400-7FC0-4EF7-BB09-498639F1E3B5}.Release|Any CPU.ActiveCfg = Release|Any CPU
		{15E76400-7FC0-4EF7-BB09-498639F1E3B5}.Release|Any CPU.Build.0 = Release|Any CPU
		{15E76400-7FC0-4EF7-BB09-498639F1E3B5}.Release|x64.ActiveCfg = Release|Any CPU
		{15E76400-7FC0-4EF7-BB09-498639F1E3B5}.Release|x64.Build.0 = Release|Any CPU
		{15E76400-7FC0-4EF7-BB09-498639F1E3B5}.Release|x86.ActiveCfg = Release|Any CPU
		{15E76400-7FC0-4EF7-BB09-498639F1E3B5}.Release|x86.Build.0 = Release|Any CPU
		{19151DBD-3D1F-4A8C-9875-030751DDB14D}.Debug|Any CPU.ActiveCfg = Debug|Any CPU
		{19151DBD-3D1F-4A8C-9875-030751DDB14D}.Debug|Any CPU.Build.0 = Debug|Any CPU
		{19151DBD-3D1F-4A8C-9875-030751DDB14D}.Debug|x64.ActiveCfg = Debug|Any CPU
		{19151DBD-3D1F-4A8C-9875-030751DDB14D}.Debug|x64.Build.0 = Debug|Any CPU
		{19151DBD-3D1F-4A8C-9875-030751DDB14D}.Debug|x86.ActiveCfg = Debug|Any CPU
		{19151DBD-3D1F-4A8C-9875-030751DDB14D}.Debug|x86.Build.0 = Debug|Any CPU
		{19151DBD-3D1F-4A8C-9875-030751DDB14D}.Release|Any CPU.ActiveCfg = Release|Any CPU
		{19151DBD-3D1F-4A8C-9875-030751DDB14D}.Release|Any CPU.Build.0 = Release|Any CPU
		{19151DBD-3D1F-4A8C-9875-030751DDB14D}.Release|x64.ActiveCfg = Release|Any CPU
		{19151DBD-3D1F-4A8C-9875-030751DDB14D}.Release|x64.Build.0 = Release|Any CPU
		{19151DBD-3D1F-4A8C-9875-030751DDB14D}.Release|x86.ActiveCfg = Release|Any CPU
		{19151DBD-3D1F-4A8C-9875-030751DDB14D}.Release|x86.Build.0 = Release|Any CPU
		{00DD38D3-253D-4AEF-9976-D2E280718156}.Debug|Any CPU.ActiveCfg = Debug|Any CPU
		{00DD38D3-253D-4AEF-9976-D2E280718156}.Debug|Any CPU.Build.0 = Debug|Any CPU
		{00DD38D3-253D-4AEF-9976-D2E280718156}.Debug|x64.ActiveCfg = Debug|Any CPU
		{00DD38D3-253D-4AEF-9976-D2E280718156}.Debug|x64.Build.0 = Debug|Any CPU
		{00DD38D3-253D-4AEF-9976-D2E280718156}.Debug|x86.ActiveCfg = Debug|Any CPU
		{00DD38D3-253D-4AEF-9976-D2E280718156}.Debug|x86.Build.0 = Debug|Any CPU
		{00DD38D3-253D-4AEF-9976-D2E280718156}.Release|Any CPU.ActiveCfg = Release|Any CPU
		{00DD38D3-253D-4AEF-9976-D2E280718156}.Release|Any CPU.Build.0 = Release|Any CPU
		{00DD38D3-253D-4AEF-9976-D2E280718156}.Release|x64.ActiveCfg = Release|Any CPU
		{00DD38D3-253D-4AEF-9976-D2E280718156}.Release|x64.Build.0 = Release|Any CPU
		{00DD38D3-253D-4AEF-9976-D2E280718156}.Release|x86.ActiveCfg = Release|Any CPU
		{00DD38D3-253D-4AEF-9976-D2E280718156}.Release|x86.Build.0 = Release|Any CPU
		{30FFDC8B-E2F1-4724-A051-83727EF7EC0F}.Debug|Any CPU.ActiveCfg = Debug|Any CPU
		{30FFDC8B-E2F1-4724-A051-83727EF7EC0F}.Debug|Any CPU.Build.0 = Debug|Any CPU
		{30FFDC8B-E2F1-4724-A051-83727EF7EC0F}.Debug|x64.ActiveCfg = Debug|Any CPU
		{30FFDC8B-E2F1-4724-A051-83727EF7EC0F}.Debug|x64.Build.0 = Debug|Any CPU
		{30FFDC8B-E2F1-4724-A051-83727EF7EC0F}.Debug|x86.ActiveCfg = Debug|Any CPU
		{30FFDC8B-E2F1-4724-A051-83727EF7EC0F}.Debug|x86.Build.0 = Debug|Any CPU
		{30FFDC8B-E2F1-4724-A051-83727EF7EC0F}.Release|Any CPU.ActiveCfg = Release|Any CPU
		{30FFDC8B-E2F1-4724-A051-83727EF7EC0F}.Release|Any CPU.Build.0 = Release|Any CPU
		{30FFDC8B-E2F1-4724-A051-83727EF7EC0F}.Release|x64.ActiveCfg = Release|Any CPU
		{30FFDC8B-E2F1-4724-A051-83727EF7EC0F}.Release|x64.Build.0 = Release|Any CPU
		{30FFDC8B-E2F1-4724-A051-83727EF7EC0F}.Release|x86.ActiveCfg = Release|Any CPU
		{30FFDC8B-E2F1-4724-A051-83727EF7EC0F}.Release|x86.Build.0 = Release|Any CPU
		{CE2F089C-6285-464F-B518-643672ACE735}.Debug|Any CPU.ActiveCfg = Debug|Any CPU
		{CE2F089C-6285-464F-B518-643672ACE735}.Debug|Any CPU.Build.0 = Debug|Any CPU
		{CE2F089C-6285-464F-B518-643672ACE735}.Debug|x64.ActiveCfg = Debug|Any CPU
		{CE2F089C-6285-464F-B518-643672ACE735}.Debug|x64.Build.0 = Debug|Any CPU
		{CE2F089C-6285-464F-B518-643672ACE735}.Debug|x86.ActiveCfg = Debug|Any CPU
		{CE2F089C-6285-464F-B518-643672ACE735}.Debug|x86.Build.0 = Debug|Any CPU
		{CE2F089C-6285-464F-B518-643672ACE735}.Release|Any CPU.ActiveCfg = Release|Any CPU
		{CE2F089C-6285-464F-B518-643672ACE735}.Release|Any CPU.Build.0 = Release|Any CPU
		{CE2F089C-6285-464F-B518-643672ACE735}.Release|x64.ActiveCfg = Release|Any CPU
		{CE2F089C-6285-464F-B518-643672ACE735}.Release|x64.Build.0 = Release|Any CPU
		{CE2F089C-6285-464F-B518-643672ACE735}.Release|x86.ActiveCfg = Release|Any CPU
		{CE2F089C-6285-464F-B518-643672ACE735}.Release|x86.Build.0 = Release|Any CPU
		{5646C53C-C75A-4081-8958-CB4046E7F2C6}.Debug|Any CPU.ActiveCfg = Debug|Any CPU
		{5646C53C-C75A-4081-8958-CB4046E7F2C6}.Debug|Any CPU.Build.0 = Debug|Any CPU
		{5646C53C-C75A-4081-8958-CB4046E7F2C6}.Debug|x64.ActiveCfg = Debug|Any CPU
		{5646C53C-C75A-4081-8958-CB4046E7F2C6}.Debug|x64.Build.0 = Debug|Any CPU
		{5646C53C-C75A-4081-8958-CB4046E7F2C6}.Debug|x86.ActiveCfg = Debug|Any CPU
		{5646C53C-C75A-4081-8958-CB4046E7F2C6}.Debug|x86.Build.0 = Debug|Any CPU
		{5646C53C-C75A-4081-8958-CB4046E7F2C6}.Release|Any CPU.ActiveCfg = Release|Any CPU
		{5646C53C-C75A-4081-8958-CB4046E7F2C6}.Release|Any CPU.Build.0 = Release|Any CPU
		{5646C53C-C75A-4081-8958-CB4046E7F2C6}.Release|x64.ActiveCfg = Release|Any CPU
		{5646C53C-C75A-4081-8958-CB4046E7F2C6}.Release|x64.Build.0 = Release|Any CPU
		{5646C53C-C75A-4081-8958-CB4046E7F2C6}.Release|x86.ActiveCfg = Release|Any CPU
		{5646C53C-C75A-4081-8958-CB4046E7F2C6}.Release|x86.Build.0 = Release|Any CPU
		{C57CE6E7-43B6-43D5-8D61-261FADD1764A}.Debug|Any CPU.ActiveCfg = Debug|Any CPU
		{C57CE6E7-43B6-43D5-8D61-261FADD1764A}.Debug|Any CPU.Build.0 = Debug|Any CPU
		{C57CE6E7-43B6-43D5-8D61-261FADD1764A}.Debug|x64.ActiveCfg = Debug|Any CPU
		{C57CE6E7-43B6-43D5-8D61-261FADD1764A}.Debug|x64.Build.0 = Debug|Any CPU
		{C57CE6E7-43B6-43D5-8D61-261FADD1764A}.Debug|x86.ActiveCfg = Debug|Any CPU
		{C57CE6E7-43B6-43D5-8D61-261FADD1764A}.Debug|x86.Build.0 = Debug|Any CPU
		{C57CE6E7-43B6-43D5-8D61-261FADD1764A}.Release|Any CPU.ActiveCfg = Release|Any CPU
		{C57CE6E7-43B6-43D5-8D61-261FADD1764A}.Release|Any CPU.Build.0 = Release|Any CPU
		{C57CE6E7-43B6-43D5-8D61-261FADD1764A}.Release|x64.ActiveCfg = Release|Any CPU
		{C57CE6E7-43B6-43D5-8D61-261FADD1764A}.Release|x64.Build.0 = Release|Any CPU
		{C57CE6E7-43B6-43D5-8D61-261FADD1764A}.Release|x86.ActiveCfg = Release|Any CPU
		{C57CE6E7-43B6-43D5-8D61-261FADD1764A}.Release|x86.Build.0 = Release|Any CPU
		{9230F359-C56C-40A8-96DB-75A0F00FA78C}.Debug|Any CPU.ActiveCfg = Debug|Any CPU
		{9230F359-C56C-40A8-96DB-75A0F00FA78C}.Debug|Any CPU.Build.0 = Debug|Any CPU
		{9230F359-C56C-40A8-96DB-75A0F00FA78C}.Debug|x64.ActiveCfg = Debug|Any CPU
		{9230F359-C56C-40A8-96DB-75A0F00FA78C}.Debug|x64.Build.0 = Debug|Any CPU
		{9230F359-C56C-40A8-96DB-75A0F00FA78C}.Debug|x86.ActiveCfg = Debug|Any CPU
		{9230F359-C56C-40A8-96DB-75A0F00FA78C}.Debug|x86.Build.0 = Debug|Any CPU
		{9230F359-C56C-40A8-96DB-75A0F00FA78C}.Release|Any CPU.ActiveCfg = Release|Any CPU
		{9230F359-C56C-40A8-96DB-75A0F00FA78C}.Release|Any CPU.Build.0 = Release|Any CPU
		{9230F359-C56C-40A8-96DB-75A0F00FA78C}.Release|x64.ActiveCfg = Release|Any CPU
		{9230F359-C56C-40A8-96DB-75A0F00FA78C}.Release|x64.Build.0 = Release|Any CPU
		{9230F359-C56C-40A8-96DB-75A0F00FA78C}.Release|x86.ActiveCfg = Release|Any CPU
		{9230F359-C56C-40A8-96DB-75A0F00FA78C}.Release|x86.Build.0 = Release|Any CPU
		{F055847A-21E8-48A2-8825-1167105206D1}.Debug|Any CPU.ActiveCfg = Debug|Any CPU
		{F055847A-21E8-48A2-8825-1167105206D1}.Debug|Any CPU.Build.0 = Debug|Any CPU
		{F055847A-21E8-48A2-8825-1167105206D1}.Debug|x64.ActiveCfg = Debug|Any CPU
		{F055847A-21E8-48A2-8825-1167105206D1}.Debug|x64.Build.0 = Debug|Any CPU
		{F055847A-21E8-48A2-8825-1167105206D1}.Debug|x86.ActiveCfg = Debug|Any CPU
		{F055847A-21E8-48A2-8825-1167105206D1}.Debug|x86.Build.0 = Debug|Any CPU
		{F055847A-21E8-48A2-8825-1167105206D1}.Release|Any CPU.ActiveCfg = Release|Any CPU
		{F055847A-21E8-48A2-8825-1167105206D1}.Release|Any CPU.Build.0 = Release|Any CPU
		{F055847A-21E8-48A2-8825-1167105206D1}.Release|x64.ActiveCfg = Release|Any CPU
		{F055847A-21E8-48A2-8825-1167105206D1}.Release|x64.Build.0 = Release|Any CPU
		{F055847A-21E8-48A2-8825-1167105206D1}.Release|x86.ActiveCfg = Release|Any CPU
		{F055847A-21E8-48A2-8825-1167105206D1}.Release|x86.Build.0 = Release|Any CPU
	EndGlobalSection
	GlobalSection(SolutionProperties) = preSolution
		HideSolutionNode = FALSE
	EndGlobalSection
	GlobalSection(NestedProjects) = preSolution
		{457F96A5-9E89-4652-BE93-F16510CB75F4} = {F97B79D5-D3A3-4FA1-92B2-62C3D17ACFF9}
		{15E76400-7FC0-4EF7-BB09-498639F1E3B5} = {F97B79D5-D3A3-4FA1-92B2-62C3D17ACFF9}
		{19151DBD-3D1F-4A8C-9875-030751DDB14D} = {F97B79D5-D3A3-4FA1-92B2-62C3D17ACFF9}
		{00DD38D3-253D-4AEF-9976-D2E280718156} = {F97B79D5-D3A3-4FA1-92B2-62C3D17ACFF9}
		{3D6F6D9B-5258-4F30-A825-A4AD2FDCAD92} = {F97B79D5-D3A3-4FA1-92B2-62C3D17ACFF9}
		{30FFDC8B-E2F1-4724-A051-83727EF7EC0F} = {3D6F6D9B-5258-4F30-A825-A4AD2FDCAD92}
		{CE2F089C-6285-464F-B518-643672ACE735} = {3D6F6D9B-5258-4F30-A825-A4AD2FDCAD92}
		{5646C53C-C75A-4081-8958-CB4046E7F2C6} = {8C158E9B-E4C9-4FA7-BD09-EC15AD5C8C7E}
		{C57CE6E7-43B6-43D5-8D61-261FADD1764A} = {8C158E9B-E4C9-4FA7-BD09-EC15AD5C8C7E}
		{9230F359-C56C-40A8-96DB-75A0F00FA78C} = {8C158E9B-E4C9-4FA7-BD09-EC15AD5C8C7E}
		{F055847A-21E8-48A2-8825-1167105206D1} = {4E15D0CF-7F1F-4A27-BD54-D0B84545FD21}
	EndGlobalSection
	GlobalSection(ExtensibilityGlobals) = postSolution
		SolutionGuid = {DB34F37F-BEB4-4D3D-95E5-BBC42EFFC796}
	EndGlobalSection
EndGlobal
